// !$*UTF8*$!
{
	archiveVersion = 1;
	classes = {
	};
	objectVersion = 55;
	objects = {

/* Begin PBXBuildFile section */
		46167CA8274BFD3A00FA2169 /* AlertVC+.swift in Sources */ = {isa = PBXBuildFile; fileRef = 46167CA7274BFD3A00FA2169 /* AlertVC+.swift */; };
		4633D2052746507C0062D593 /* BanerView.swift in Sources */ = {isa = PBXBuildFile; fileRef = 4633D2042746507C0062D593 /* BanerView.swift */; };
		4633D208274653D20062D593 /* Nunito-Regular.ttf in Resources */ = {isa = PBXBuildFile; fileRef = 4633D207274653D20062D593 /* Nunito-Regular.ttf */; };
		4633D20A274653DE0062D593 /* Nunito-ExtraBold.ttf in Resources */ = {isa = PBXBuildFile; fileRef = 4633D209274653DE0062D593 /* Nunito-ExtraBold.ttf */; };
		4633D20C274653E80062D593 /* Nunito-Light.ttf in Resources */ = {isa = PBXBuildFile; fileRef = 4633D20B274653E80062D593 /* Nunito-Light.ttf */; };
		4633D20E274653F20062D593 /* Nunito-BoldItalic.ttf in Resources */ = {isa = PBXBuildFile; fileRef = 4633D20D274653F20062D593 /* Nunito-BoldItalic.ttf */; };
		463CB8F4274408B80009A2A1 /* Telemetry.swift in Sources */ = {isa = PBXBuildFile; fileRef = 463CB8F3274408B80009A2A1 /* Telemetry.swift */; };
		464B3E372746614E00264478 /* Nunito-Bold.ttf in Resources */ = {isa = PBXBuildFile; fileRef = 464B3E362746614E00264478 /* Nunito-Bold.ttf */; };
		464B3E392746747900264478 /* HistoryView.swift in Sources */ = {isa = PBXBuildFile; fileRef = 464B3E382746747900264478 /* HistoryView.swift */; };
		464DCFFA2759CF0500A21A67 /* TabBarView.swift in Sources */ = {isa = PBXBuildFile; fileRef = 464DCFF92759CF0500A21A67 /* TabBarView.swift */; };
		464DCFFD2759D75300A21A67 /* SettingView.swift in Sources */ = {isa = PBXBuildFile; fileRef = 464DCFFC2759D75300A21A67 /* SettingView.swift */; };
		467B78D027469161002FC376 /* MonitorView.swift in Sources */ = {isa = PBXBuildFile; fileRef = 467B78CF27469161002FC376 /* MonitorView.swift */; };
		467B78D22746A6B8002FC376 /* DebugPrint.swift in Sources */ = {isa = PBXBuildFile; fileRef = 467B78D12746A6B8002FC376 /* DebugPrint.swift */; };
		467B78D42746A70F002FC376 /* DateTime.swift in Sources */ = {isa = PBXBuildFile; fileRef = 467B78D32746A70F002FC376 /* DateTime.swift */; };
		467B78D62746BBCB002FC376 /* QueryModel.swift in Sources */ = {isa = PBXBuildFile; fileRef = 467B78D52746BBCB002FC376 /* QueryModel.swift */; };
		467BC14B27564F1700D90AE5 /* EditDeviceView.swift in Sources */ = {isa = PBXBuildFile; fileRef = 467BC14A27564F1700D90AE5 /* EditDeviceView.swift */; };
		467BC14E2756734D00D90AE5 /* ListDeviceModel.swift in Sources */ = {isa = PBXBuildFile; fileRef = 467BC14D2756734D00D90AE5 /* ListDeviceModel.swift */; };
		468983B62744FC48004B39E6 /* TelemetryViewModel.swift in Sources */ = {isa = PBXBuildFile; fileRef = 468983B52744FC48004B39E6 /* TelemetryViewModel.swift */; };
		468B47DE2745623000571960 /* Constant.swift in Sources */ = {isa = PBXBuildFile; fileRef = 468B47DD2745623000571960 /* Constant.swift */; };
		468F177A275768AD00B87BE8 /* LoginView.swift in Sources */ = {isa = PBXBuildFile; fileRef = 468F1779275768AD00B87BE8 /* LoginView.swift */; };
		469E43A9275FA36D00DFAE47 /* TransportView.swift in Sources */ = {isa = PBXBuildFile; fileRef = 469E43A8275FA36D00DFAE47 /* TransportView.swift */; };
		469E43AD275FB7ED00DFAE47 /* PostionModel.swift in Sources */ = {isa = PBXBuildFile; fileRef = 469E43AC275FB7ED00DFAE47 /* PostionModel.swift */; };
		46A896D7274C0B4F0022F3A0 /* PostCommandModel.swift in Sources */ = {isa = PBXBuildFile; fileRef = 46A896D6274C0B4F0022F3A0 /* PostCommandModel.swift */; };
		46AE404927631AB500533391 /* TransportViewRow.swift in Sources */ = {isa = PBXBuildFile; fileRef = 46AE404827631AB500533391 /* TransportViewRow.swift */; };
		46B3FCA22750993F0037760F /* SafariView.swift in Sources */ = {isa = PBXBuildFile; fileRef = 46B3FCA12750993F0037760F /* SafariView.swift */; };
		46DA1D21275F8B73003A7E6E /* MapView.swift in Sources */ = {isa = PBXBuildFile; fileRef = 46DA1D20275F8B73003A7E6E /* MapView.swift */; };
		46DA1D23275F8C35003A7E6E /* DeliveryView.swift in Sources */ = {isa = PBXBuildFile; fileRef = 46DA1D22275F8C35003A7E6E /* DeliveryView.swift */; };
		46F8D5FA275613A20030FCA3 /* DeviceView.swift in Sources */ = {isa = PBXBuildFile; fileRef = 46F8D5F9275613A20030FCA3 /* DeviceView.swift */; };
		46F8D5FC275618E40030FCA3 /* Wio.swift in Sources */ = {isa = PBXBuildFile; fileRef = 46F8D5FB275618E40030FCA3 /* Wio.swift */; };
		46F8D60027561E800030FCA3 /* AddNewDeviceView.swift in Sources */ = {isa = PBXBuildFile; fileRef = 46F8D5FF27561E800030FCA3 /* AddNewDeviceView.swift */; };
		E318895A274EAB8A00848C0B /* DetailBanerView.swift in Sources */ = {isa = PBXBuildFile; fileRef = E3188959274EAB8900848C0B /* DetailBanerView.swift */; };
		E34818082743C36F005D63E3 /* APIConstant.swift in Sources */ = {isa = PBXBuildFile; fileRef = E34818072743C36F005D63E3 /* APIConstant.swift */; };
		E348180A2743DBD0005D63E3 /* ApiManager.swift in Sources */ = {isa = PBXBuildFile; fileRef = E34818092743DBD0005D63E3 /* ApiManager.swift */; };
		E34818162745226D005D63E3 /* SwiftUICharts in Frameworks */ = {isa = PBXBuildFile; productRef = E34818152745226D005D63E3 /* SwiftUICharts */; };
		E3D5A1F5274BC19700495E77 /* DetailTelemery.swift in Sources */ = {isa = PBXBuildFile; fileRef = E3D5A1F4274BC19700495E77 /* DetailTelemery.swift */; };
		E3F286612743356D005599BF /* WioTerminalApp.swift in Sources */ = {isa = PBXBuildFile; fileRef = E3F286602743356D005599BF /* WioTerminalApp.swift */; };
		E3F286632743356D005599BF /* ContentView.swift in Sources */ = {isa = PBXBuildFile; fileRef = E3F286622743356D005599BF /* ContentView.swift */; };
		E3F286652743356F005599BF /* Assets.xcassets in Resources */ = {isa = PBXBuildFile; fileRef = E3F286642743356F005599BF /* Assets.xcassets */; };
		E3F286682743356F005599BF /* Preview Assets.xcassets in Resources */ = {isa = PBXBuildFile; fileRef = E3F286672743356F005599BF /* Preview Assets.xcassets */; };
		E3F28670274335B0005599BF /* TelemetryView.swift in Sources */ = {isa = PBXBuildFile; fileRef = E3F2866F274335B0005599BF /* TelemetryView.swift */; };
		E3F28672274335EF005599BF /* SecondView.swift in Sources */ = {isa = PBXBuildFile; fileRef = E3F28671274335EF005599BF /* SecondView.swift */; };
		E3F2867427433626005599BF /* ThirdView.swift in Sources */ = {isa = PBXBuildFile; fileRef = E3F2867327433626005599BF /* ThirdView.swift */; };
		E3F2867627434F7D005599BF /* ProfileView.swift in Sources */ = {isa = PBXBuildFile; fileRef = E3F2867527434F7D005599BF /* ProfileView.swift */; };
		E3F2867927435170005599BF /* Color+extension.swift in Sources */ = {isa = PBXBuildFile; fileRef = E3F2867827435170005599BF /* Color+extension.swift */; };
		E3F2867F27436EC7005599BF /* ProfileModel.swift in Sources */ = {isa = PBXBuildFile; fileRef = E3F2867E27436EC7005599BF /* ProfileModel.swift */; };
		E3F2868127436F2D005599BF /* ProfileViewModel.swift in Sources */ = {isa = PBXBuildFile; fileRef = E3F2868027436F2D005599BF /* ProfileViewModel.swift */; };
/* End PBXBuildFile section */

/* Begin PBXFileReference section */
		46167CA7274BFD3A00FA2169 /* AlertVC+.swift */ = {isa = PBXFileReference; lastKnownFileType = sourcecode.swift; path = "AlertVC+.swift"; sourceTree = "<group>"; };
		4633D2042746507C0062D593 /* BanerView.swift */ = {isa = PBXFileReference; lastKnownFileType = sourcecode.swift; path = BanerView.swift; sourceTree = "<group>"; };
		4633D207274653D20062D593 /* Nunito-Regular.ttf */ = {isa = PBXFileReference; lastKnownFileType = file; path = "Nunito-Regular.ttf"; sourceTree = "<group>"; };
		4633D209274653DE0062D593 /* Nunito-ExtraBold.ttf */ = {isa = PBXFileReference; lastKnownFileType = file; path = "Nunito-ExtraBold.ttf"; sourceTree = "<group>"; };
		4633D20B274653E80062D593 /* Nunito-Light.ttf */ = {isa = PBXFileReference; lastKnownFileType = file; path = "Nunito-Light.ttf"; sourceTree = "<group>"; };
		4633D20D274653F20062D593 /* Nunito-BoldItalic.ttf */ = {isa = PBXFileReference; lastKnownFileType = file; path = "Nunito-BoldItalic.ttf"; sourceTree = "<group>"; };
		4633D20F274654BD0062D593 /* Info.plist */ = {isa = PBXFileReference; lastKnownFileType = text.plist; path = Info.plist; sourceTree = "<group>"; };
		463CB8F3274408B80009A2A1 /* Telemetry.swift */ = {isa = PBXFileReference; lastKnownFileType = sourcecode.swift; path = Telemetry.swift; sourceTree = "<group>"; };
		464B3E362746614E00264478 /* Nunito-Bold.ttf */ = {isa = PBXFileReference; lastKnownFileType = file; path = "Nunito-Bold.ttf"; sourceTree = "<group>"; };
		464B3E382746747900264478 /* HistoryView.swift */ = {isa = PBXFileReference; lastKnownFileType = sourcecode.swift; path = HistoryView.swift; sourceTree = "<group>"; };
		464DCFF92759CF0500A21A67 /* TabBarView.swift */ = {isa = PBXFileReference; lastKnownFileType = sourcecode.swift; path = TabBarView.swift; sourceTree = "<group>"; };
		464DCFFC2759D75300A21A67 /* SettingView.swift */ = {isa = PBXFileReference; lastKnownFileType = sourcecode.swift; path = SettingView.swift; sourceTree = "<group>"; };
		467B78CF27469161002FC376 /* MonitorView.swift */ = {isa = PBXFileReference; lastKnownFileType = sourcecode.swift; path = MonitorView.swift; sourceTree = "<group>"; };
		467B78D12746A6B8002FC376 /* DebugPrint.swift */ = {isa = PBXFileReference; lastKnownFileType = sourcecode.swift; path = DebugPrint.swift; sourceTree = "<group>"; };
		467B78D32746A70F002FC376 /* DateTime.swift */ = {isa = PBXFileReference; lastKnownFileType = sourcecode.swift; path = DateTime.swift; sourceTree = "<group>"; };
		467B78D52746BBCB002FC376 /* QueryModel.swift */ = {isa = PBXFileReference; lastKnownFileType = sourcecode.swift; path = QueryModel.swift; sourceTree = "<group>"; };
		467BC14A27564F1700D90AE5 /* EditDeviceView.swift */ = {isa = PBXFileReference; lastKnownFileType = sourcecode.swift; path = EditDeviceView.swift; sourceTree = "<group>"; };
		467BC14D2756734D00D90AE5 /* ListDeviceModel.swift */ = {isa = PBXFileReference; lastKnownFileType = sourcecode.swift; path = ListDeviceModel.swift; sourceTree = "<group>"; };
		468983B52744FC48004B39E6 /* TelemetryViewModel.swift */ = {isa = PBXFileReference; lastKnownFileType = sourcecode.swift; path = TelemetryViewModel.swift; sourceTree = "<group>"; };
		468B47DD2745623000571960 /* Constant.swift */ = {isa = PBXFileReference; lastKnownFileType = sourcecode.swift; path = Constant.swift; sourceTree = "<group>"; };
		468F1779275768AD00B87BE8 /* LoginView.swift */ = {isa = PBXFileReference; lastKnownFileType = sourcecode.swift; path = LoginView.swift; sourceTree = "<group>"; };
		469E43A8275FA36D00DFAE47 /* TransportView.swift */ = {isa = PBXFileReference; lastKnownFileType = sourcecode.swift; path = TransportView.swift; sourceTree = "<group>"; };
		469E43AC275FB7ED00DFAE47 /* PostionModel.swift */ = {isa = PBXFileReference; lastKnownFileType = sourcecode.swift; path = PostionModel.swift; sourceTree = "<group>"; };
		46A896D6274C0B4F0022F3A0 /* PostCommandModel.swift */ = {isa = PBXFileReference; lastKnownFileType = sourcecode.swift; path = PostCommandModel.swift; sourceTree = "<group>"; };
		46AE404827631AB500533391 /* TransportViewRow.swift */ = {isa = PBXFileReference; lastKnownFileType = sourcecode.swift; path = TransportViewRow.swift; sourceTree = "<group>"; };
		46B3FCA12750993F0037760F /* SafariView.swift */ = {isa = PBXFileReference; lastKnownFileType = sourcecode.swift; path = SafariView.swift; sourceTree = "<group>"; };
		46DA1D20275F8B73003A7E6E /* MapView.swift */ = {isa = PBXFileReference; lastKnownFileType = sourcecode.swift; path = MapView.swift; sourceTree = "<group>"; };
		46DA1D22275F8C35003A7E6E /* DeliveryView.swift */ = {isa = PBXFileReference; lastKnownFileType = sourcecode.swift; path = DeliveryView.swift; sourceTree = "<group>"; };
		46F8D5F9275613A20030FCA3 /* DeviceView.swift */ = {isa = PBXFileReference; lastKnownFileType = sourcecode.swift; path = DeviceView.swift; sourceTree = "<group>"; };
		46F8D5FB275618E40030FCA3 /* Wio.swift */ = {isa = PBXFileReference; lastKnownFileType = sourcecode.swift; path = Wio.swift; sourceTree = "<group>"; };
		46F8D5FF27561E800030FCA3 /* AddNewDeviceView.swift */ = {isa = PBXFileReference; lastKnownFileType = sourcecode.swift; path = AddNewDeviceView.swift; sourceTree = "<group>"; };
		E3188959274EAB8900848C0B /* DetailBanerView.swift */ = {isa = PBXFileReference; lastKnownFileType = sourcecode.swift; path = DetailBanerView.swift; sourceTree = "<group>"; };
		E34818072743C36F005D63E3 /* APIConstant.swift */ = {isa = PBXFileReference; lastKnownFileType = sourcecode.swift; path = APIConstant.swift; sourceTree = "<group>"; };
		E34818092743DBD0005D63E3 /* ApiManager.swift */ = {isa = PBXFileReference; lastKnownFileType = sourcecode.swift; path = ApiManager.swift; sourceTree = "<group>"; };
		E3D5A1F4274BC19700495E77 /* DetailTelemery.swift */ = {isa = PBXFileReference; lastKnownFileType = sourcecode.swift; path = DetailTelemery.swift; sourceTree = "<group>"; };
		E3F2865D2743356D005599BF /* WioTerminal.app */ = {isa = PBXFileReference; explicitFileType = wrapper.application; includeInIndex = 0; path = WioTerminal.app; sourceTree = BUILT_PRODUCTS_DIR; };
		E3F286602743356D005599BF /* WioTerminalApp.swift */ = {isa = PBXFileReference; lastKnownFileType = sourcecode.swift; path = WioTerminalApp.swift; sourceTree = "<group>"; };
		E3F286622743356D005599BF /* ContentView.swift */ = {isa = PBXFileReference; lastKnownFileType = sourcecode.swift; path = ContentView.swift; sourceTree = "<group>"; };
		E3F286642743356F005599BF /* Assets.xcassets */ = {isa = PBXFileReference; lastKnownFileType = folder.assetcatalog; path = Assets.xcassets; sourceTree = "<group>"; };
		E3F286672743356F005599BF /* Preview Assets.xcassets */ = {isa = PBXFileReference; lastKnownFileType = folder.assetcatalog; path = "Preview Assets.xcassets"; sourceTree = "<group>"; };
		E3F2866F274335B0005599BF /* TelemetryView.swift */ = {isa = PBXFileReference; lastKnownFileType = sourcecode.swift; path = TelemetryView.swift; sourceTree = "<group>"; };
		E3F28671274335EF005599BF /* SecondView.swift */ = {isa = PBXFileReference; lastKnownFileType = sourcecode.swift; path = SecondView.swift; sourceTree = "<group>"; };
		E3F2867327433626005599BF /* ThirdView.swift */ = {isa = PBXFileReference; lastKnownFileType = sourcecode.swift; path = ThirdView.swift; sourceTree = "<group>"; };
		E3F2867527434F7D005599BF /* ProfileView.swift */ = {isa = PBXFileReference; lastKnownFileType = sourcecode.swift; path = ProfileView.swift; sourceTree = "<group>"; };
		E3F2867827435170005599BF /* Color+extension.swift */ = {isa = PBXFileReference; lastKnownFileType = sourcecode.swift; path = "Color+extension.swift"; sourceTree = "<group>"; };
		E3F2867E27436EC7005599BF /* ProfileModel.swift */ = {isa = PBXFileReference; lastKnownFileType = sourcecode.swift; path = ProfileModel.swift; sourceTree = "<group>"; };
		E3F2868027436F2D005599BF /* ProfileViewModel.swift */ = {isa = PBXFileReference; lastKnownFileType = sourcecode.swift; path = ProfileViewModel.swift; sourceTree = "<group>"; };
/* End PBXFileReference section */

/* Begin PBXFrameworksBuildPhase section */
		E3F2865A2743356D005599BF /* Frameworks */ = {
			isa = PBXFrameworksBuildPhase;
			buildActionMask = 2147483647;
			files = (
				E34818162745226D005D63E3 /* SwiftUICharts in Frameworks */,
			);
			runOnlyForDeploymentPostprocessing = 0;
		};
/* End PBXFrameworksBuildPhase section */

/* Begin PBXGroup section */
		46167CA6274BFD1300FA2169 /* TextField-Alert */ = {
			isa = PBXGroup;
			children = (
				46167CA7274BFD3A00FA2169 /* AlertVC+.swift */,
			);
			path = "TextField-Alert";
			sourceTree = "<group>";
		};
		4633D20327464F520062D593 /* ChildView */ = {
			isa = PBXGroup;
			children = (
				4633D2042746507C0062D593 /* BanerView.swift */,
				464B3E382746747900264478 /* HistoryView.swift */,
				E3D5A1F4274BC19700495E77 /* DetailTelemery.swift */,
				E3188959274EAB8900848C0B /* DetailBanerView.swift */,
				46B3FCA12750993F0037760F /* SafariView.swift */,
			);
			path = ChildView;
			sourceTree = "<group>";
		};
		4633D206274653B70062D593 /* Font */ = {
			isa = PBXGroup;
			children = (
				4633D20D274653F20062D593 /* Nunito-BoldItalic.ttf */,
				4633D207274653D20062D593 /* Nunito-Regular.ttf */,
				464B3E362746614E00264478 /* Nunito-Bold.ttf */,
				4633D209274653DE0062D593 /* Nunito-ExtraBold.ttf */,
				4633D20B274653E80062D593 /* Nunito-Light.ttf */,
			);
			path = Font;
			sourceTree = "<group>";
		};
		464DCFFB2759D73700A21A67 /* SettingView */ = {
			isa = PBXGroup;
			children = (
				464DCFFC2759D75300A21A67 /* SettingView.swift */,
			);
			path = SettingView;
			sourceTree = "<group>";
		};
		467B78CE2746905B002FC376 /* MonitorView */ = {
			isa = PBXGroup;
			children = (
				467B78CF27469161002FC376 /* MonitorView.swift */,
			);
			path = MonitorView;
			sourceTree = "<group>";
		};
		467BC14C2756731500D90AE5 /* Enviroment */ = {
			isa = PBXGroup;
			children = (
				46F8D5FB275618E40030FCA3 /* Wio.swift */,
			);
			path = Enviroment;
			sourceTree = "<group>";
		};
		468B47DC2745621C00571960 /* Help */ = {
			isa = PBXGroup;
			children = (
				468B47DD2745623000571960 /* Constant.swift */,
				467B78D12746A6B8002FC376 /* DebugPrint.swift */,
				467B78D32746A70F002FC376 /* DateTime.swift */,
			);
			path = Help;
			sourceTree = "<group>";
		};
		468F17782757689300B87BE8 /* Login View */ = {
			isa = PBXGroup;
			children = (
				468F1779275768AD00B87BE8 /* LoginView.swift */,
			);
			path = "Login View";
			sourceTree = "<group>";
		};
		46DA1D1F275F8B61003A7E6E /* Map */ = {
			isa = PBXGroup;
			children = (
				46DA1D20275F8B73003A7E6E /* MapView.swift */,
				46DA1D22275F8C35003A7E6E /* DeliveryView.swift */,
				469E43A8275FA36D00DFAE47 /* TransportView.swift */,
				46AE404827631AB500533391 /* TransportViewRow.swift */,
			);
			path = Map;
			sourceTree = "<group>";
		};
		46F8D5FD27561E5E0030FCA3 /* Device */ = {
			isa = PBXGroup;
			children = (
				46F8D5F9275613A20030FCA3 /* DeviceView.swift */,
				46F8D5FF27561E800030FCA3 /* AddNewDeviceView.swift */,
				467BC14A27564F1700D90AE5 /* EditDeviceView.swift */,
			);
			path = Device;
			sourceTree = "<group>";
		};
		E34818062743C35E005D63E3 /* Api */ = {
			isa = PBXGroup;
			children = (
				E34818072743C36F005D63E3 /* APIConstant.swift */,
				E34818092743DBD0005D63E3 /* ApiManager.swift */,
			);
			path = Api;
			sourceTree = "<group>";
		};
		E3F286542743356D005599BF = {
			isa = PBXGroup;
			children = (
				E3F2865F2743356D005599BF /* WioTerminal */,
				E3F2865E2743356D005599BF /* Products */,
			);
			sourceTree = "<group>";
		};
		E3F2865E2743356D005599BF /* Products */ = {
			isa = PBXGroup;
			children = (
				E3F2865D2743356D005599BF /* WioTerminal.app */,
			);
			name = Products;
			sourceTree = "<group>";
		};
		E3F2865F2743356D005599BF /* WioTerminal */ = {
			isa = PBXGroup;
			children = (
				4633D20F274654BD0062D593 /* Info.plist */,
				E3F286602743356D005599BF /* WioTerminalApp.swift */,
				468B47DC2745621C00571960 /* Help */,
				E34818062743C35E005D63E3 /* Api */,
				467BC14C2756731500D90AE5 /* Enviroment */,
				E3F2867D27436EAF005599BF /* Model */,
				E3F2867727435157005599BF /* Extension */,
				E3F2866E2743358B005599BF /* View */,
				E3F286642743356F005599BF /* Assets.xcassets */,
				4633D206274653B70062D593 /* Font */,
				E3F286662743356F005599BF /* Preview Content */,
			);
			path = WioTerminal;
			sourceTree = "<group>";
		};
		E3F286662743356F005599BF /* Preview Content */ = {
			isa = PBXGroup;
			children = (
				E3F286672743356F005599BF /* Preview Assets.xcassets */,
			);
			path = "Preview Content";
			sourceTree = "<group>";
		};
		E3F2866E2743358B005599BF /* View */ = {
			isa = PBXGroup;
			children = (
				E3F286622743356D005599BF /* ContentView.swift */,
				464DCFF92759CF0500A21A67 /* TabBarView.swift */,
				468F17782757689300B87BE8 /* Login View */,
				E3F2867C27436EA2005599BF /* TelemetryView */,
				467B78CE2746905B002FC376 /* MonitorView */,
				464DCFFB2759D73700A21A67 /* SettingView */,
				E3F2867A27436E86005599BF /* ThirdView */,
				E3F2867B27436E95005599BF /* SecondView */,
			);
			path = View;
			sourceTree = "<group>";
		};
		E3F2867727435157005599BF /* Extension */ = {
			isa = PBXGroup;
			children = (
				E3F2867827435170005599BF /* Color+extension.swift */,
				46167CA6274BFD1300FA2169 /* TextField-Alert */,
			);
			path = Extension;
			sourceTree = "<group>";
		};
		E3F2867A27436E86005599BF /* ThirdView */ = {
			isa = PBXGroup;
			children = (
				E3F2867327433626005599BF /* ThirdView.swift */,
				E3F2867527434F7D005599BF /* ProfileView.swift */,
				E3F2868027436F2D005599BF /* ProfileViewModel.swift */,
			);
			path = ThirdView;
			sourceTree = "<group>";
		};
		E3F2867B27436E95005599BF /* SecondView */ = {
			isa = PBXGroup;
			children = (
				E3F28671274335EF005599BF /* SecondView.swift */,
			);
			path = SecondView;
			sourceTree = "<group>";
		};
		E3F2867C27436EA2005599BF /* TelemetryView */ = {
			isa = PBXGroup;
			children = (
				E3F2866F274335B0005599BF /* TelemetryView.swift */,
				468983B52744FC48004B39E6 /* TelemetryViewModel.swift */,
				46DA1D1F275F8B61003A7E6E /* Map */,
				46F8D5FD27561E5E0030FCA3 /* Device */,
				4633D20327464F520062D593 /* ChildView */,
			);
			path = TelemetryView;
			sourceTree = "<group>";
		};
		E3F2867D27436EAF005599BF /* Model */ = {
			isa = PBXGroup;
			children = (
				E3F2867E27436EC7005599BF /* ProfileModel.swift */,
				463CB8F3274408B80009A2A1 /* Telemetry.swift */,
				467B78D52746BBCB002FC376 /* QueryModel.swift */,
				469E43AC275FB7ED00DFAE47 /* PostionModel.swift */,
				46A896D6274C0B4F0022F3A0 /* PostCommandModel.swift */,
				467BC14D2756734D00D90AE5 /* ListDeviceModel.swift */,
			);
			path = Model;
			sourceTree = "<group>";
		};
/* End PBXGroup section */

/* Begin PBXNativeTarget section */
		E3F2865C2743356D005599BF /* WioTerminal */ = {
			isa = PBXNativeTarget;
			buildConfigurationList = E3F2866B2743356F005599BF /* Build configuration list for PBXNativeTarget "WioTerminal" */;
			buildPhases = (
				E3F286592743356D005599BF /* Sources */,
				E3F2865A2743356D005599BF /* Frameworks */,
				E3F2865B2743356D005599BF /* Resources */,
			);
			buildRules = (
			);
			dependencies = (
			);
			name = WioTerminal;
			packageProductDependencies = (
				E34818152745226D005D63E3 /* SwiftUICharts */,
			);
			productName = WioTerminal;
			productReference = E3F2865D2743356D005599BF /* WioTerminal.app */;
			productType = "com.apple.product-type.application";
		};
/* End PBXNativeTarget section */

/* Begin PBXProject section */
		E3F286552743356D005599BF /* Project object */ = {
			isa = PBXProject;
			attributes = {
				BuildIndependentTargetsInParallel = 1;
				LastSwiftUpdateCheck = 1300;
				LastUpgradeCheck = 1300;
				TargetAttributes = {
					E3F2865C2743356D005599BF = {
						CreatedOnToolsVersion = 13.0;
					};
				};
			};
			buildConfigurationList = E3F286582743356D005599BF /* Build configuration list for PBXProject "WioTerminal" */;
			compatibilityVersion = "Xcode 13.0";
			developmentRegion = en;
			hasScannedForEncodings = 0;
			knownRegions = (
				en,
				Base,
			);
			mainGroup = E3F286542743356D005599BF;
			packageReferences = (
				E34818142745226D005D63E3 /* XCRemoteSwiftPackageReference "ChartView" */,
			);
			productRefGroup = E3F2865E2743356D005599BF /* Products */;
			projectDirPath = "";
			projectRoot = "";
			targets = (
				E3F2865C2743356D005599BF /* WioTerminal */,
			);
		};
/* End PBXProject section */

/* Begin PBXResourcesBuildPhase section */
		E3F2865B2743356D005599BF /* Resources */ = {
			isa = PBXResourcesBuildPhase;
			buildActionMask = 2147483647;
			files = (
				464B3E372746614E00264478 /* Nunito-Bold.ttf in Resources */,
				4633D20E274653F20062D593 /* Nunito-BoldItalic.ttf in Resources */,
				4633D208274653D20062D593 /* Nunito-Regular.ttf in Resources */,
				4633D20C274653E80062D593 /* Nunito-Light.ttf in Resources */,
				E3F286682743356F005599BF /* Preview Assets.xcassets in Resources */,
				E3F286652743356F005599BF /* Assets.xcassets in Resources */,
				4633D20A274653DE0062D593 /* Nunito-ExtraBold.ttf in Resources */,
			);
			runOnlyForDeploymentPostprocessing = 0;
		};
/* End PBXResourcesBuildPhase section */

/* Begin PBXSourcesBuildPhase section */
		E3F286592743356D005599BF /* Sources */ = {
			isa = PBXSourcesBuildPhase;
			buildActionMask = 2147483647;
			files = (
				46F8D5FA275613A20030FCA3 /* DeviceView.swift in Sources */,
				46DA1D23275F8C35003A7E6E /* DeliveryView.swift in Sources */,
				468983B62744FC48004B39E6 /* TelemetryViewModel.swift in Sources */,
				E3F286632743356D005599BF /* ContentView.swift in Sources */,
				467B78D42746A70F002FC376 /* DateTime.swift in Sources */,
				4633D2052746507C0062D593 /* BanerView.swift in Sources */,
				467BC14E2756734D00D90AE5 /* ListDeviceModel.swift in Sources */,
				468B47DE2745623000571960 /* Constant.swift in Sources */,
				E3F2867F27436EC7005599BF /* ProfileModel.swift in Sources */,
				46AE404927631AB500533391 /* TransportViewRow.swift in Sources */,
				E318895A274EAB8A00848C0B /* DetailBanerView.swift in Sources */,
				46DA1D21275F8B73003A7E6E /* MapView.swift in Sources */,
				46F8D60027561E800030FCA3 /* AddNewDeviceView.swift in Sources */,
				464B3E392746747900264478 /* HistoryView.swift in Sources */,
				E3F2867427433626005599BF /* ThirdView.swift in Sources */,
				467B78D027469161002FC376 /* MonitorView.swift in Sources */,
				E3F2868127436F2D005599BF /* ProfileViewModel.swift in Sources */,
				463CB8F4274408B80009A2A1 /* Telemetry.swift in Sources */,
				E3F2867927435170005599BF /* Color+extension.swift in Sources */,
				E3D5A1F5274BC19700495E77 /* DetailTelemery.swift in Sources */,
				46167CA8274BFD3A00FA2169 /* AlertVC+.swift in Sources */,
				464DCFFA2759CF0500A21A67 /* TabBarView.swift in Sources */,
				E3F28670274335B0005599BF /* TelemetryView.swift in Sources */,
				469E43A9275FA36D00DFAE47 /* TransportView.swift in Sources */,
				E348180A2743DBD0005D63E3 /* ApiManager.swift in Sources */,
				46F8D5FC275618E40030FCA3 /* Wio.swift in Sources */,
				46A896D7274C0B4F0022F3A0 /* PostCommandModel.swift in Sources */,
				468F177A275768AD00B87BE8 /* LoginView.swift in Sources */,
				467BC14B27564F1700D90AE5 /* EditDeviceView.swift in Sources */,
				E3F28672274335EF005599BF /* SecondView.swift in Sources */,
				46B3FCA22750993F0037760F /* SafariView.swift in Sources */,
				E3F2867627434F7D005599BF /* ProfileView.swift in Sources */,
				469E43AD275FB7ED00DFAE47 /* PostionModel.swift in Sources */,
				467B78D22746A6B8002FC376 /* DebugPrint.swift in Sources */,
				467B78D62746BBCB002FC376 /* QueryModel.swift in Sources */,
				464DCFFD2759D75300A21A67 /* SettingView.swift in Sources */,
				E34818082743C36F005D63E3 /* APIConstant.swift in Sources */,
				E3F286612743356D005599BF /* WioTerminalApp.swift in Sources */,
			);
			runOnlyForDeploymentPostprocessing = 0;
		};
/* End PBXSourcesBuildPhase section */

/* Begin XCBuildConfiguration section */
		E3F286692743356F005599BF /* Debug */ = {
			isa = XCBuildConfiguration;
			buildSettings = {
				ALWAYS_SEARCH_USER_PATHS = NO;
				CLANG_ANALYZER_NONNULL = YES;
				CLANG_ANALYZER_NUMBER_OBJECT_CONVERSION = YES_AGGRESSIVE;
				CLANG_CXX_LANGUAGE_STANDARD = "gnu++17";
				CLANG_CXX_LIBRARY = "libc++";
				CLANG_ENABLE_MODULES = YES;
				CLANG_ENABLE_OBJC_ARC = YES;
				CLANG_ENABLE_OBJC_WEAK = YES;
				CLANG_WARN_BLOCK_CAPTURE_AUTORELEASING = YES;
				CLANG_WARN_BOOL_CONVERSION = YES;
				CLANG_WARN_COMMA = YES;
				CLANG_WARN_CONSTANT_CONVERSION = YES;
				CLANG_WARN_DEPRECATED_OBJC_IMPLEMENTATIONS = YES;
				CLANG_WARN_DIRECT_OBJC_ISA_USAGE = YES_ERROR;
				CLANG_WARN_DOCUMENTATION_COMMENTS = YES;
				CLANG_WARN_EMPTY_BODY = YES;
				CLANG_WARN_ENUM_CONVERSION = YES;
				CLANG_WARN_INFINITE_RECURSION = YES;
				CLANG_WARN_INT_CONVERSION = YES;
				CLANG_WARN_NON_LITERAL_NULL_CONVERSION = YES;
				CLANG_WARN_OBJC_IMPLICIT_RETAIN_SELF = YES;
				CLANG_WARN_OBJC_LITERAL_CONVERSION = YES;
				CLANG_WARN_OBJC_ROOT_CLASS = YES_ERROR;
				CLANG_WARN_QUOTED_INCLUDE_IN_FRAMEWORK_HEADER = YES;
				CLANG_WARN_RANGE_LOOP_ANALYSIS = YES;
				CLANG_WARN_STRICT_PROTOTYPES = YES;
				CLANG_WARN_SUSPICIOUS_MOVE = YES;
				CLANG_WARN_UNGUARDED_AVAILABILITY = YES_AGGRESSIVE;
				CLANG_WARN_UNREACHABLE_CODE = YES;
				CLANG_WARN__DUPLICATE_METHOD_MATCH = YES;
				COPY_PHASE_STRIP = NO;
				DEBUG_INFORMATION_FORMAT = dwarf;
				ENABLE_STRICT_OBJC_MSGSEND = YES;
				ENABLE_TESTABILITY = YES;
				GCC_C_LANGUAGE_STANDARD = gnu11;
				GCC_DYNAMIC_NO_PIC = NO;
				GCC_NO_COMMON_BLOCKS = YES;
				GCC_OPTIMIZATION_LEVEL = 0;
				GCC_PREPROCESSOR_DEFINITIONS = (
					"DEBUG=1",
					"$(inherited)",
				);
				GCC_WARN_64_TO_32_BIT_CONVERSION = YES;
				GCC_WARN_ABOUT_RETURN_TYPE = YES_ERROR;
				GCC_WARN_UNDECLARED_SELECTOR = YES;
				GCC_WARN_UNINITIALIZED_AUTOS = YES_AGGRESSIVE;
				GCC_WARN_UNUSED_FUNCTION = YES;
				GCC_WARN_UNUSED_VARIABLE = YES;
				IPHONEOS_DEPLOYMENT_TARGET = 15.0;
				MTL_ENABLE_DEBUG_INFO = INCLUDE_SOURCE;
				MTL_FAST_MATH = YES;
				ONLY_ACTIVE_ARCH = YES;
				SDKROOT = iphoneos;
				SWIFT_ACTIVE_COMPILATION_CONDITIONS = DEBUG;
				SWIFT_OPTIMIZATION_LEVEL = "-Onone";
			};
			name = Debug;
		};
		E3F2866A2743356F005599BF /* Release */ = {
			isa = XCBuildConfiguration;
			buildSettings = {
				ALWAYS_SEARCH_USER_PATHS = NO;
				CLANG_ANALYZER_NONNULL = YES;
				CLANG_ANALYZER_NUMBER_OBJECT_CONVERSION = YES_AGGRESSIVE;
				CLANG_CXX_LANGUAGE_STANDARD = "gnu++17";
				CLANG_CXX_LIBRARY = "libc++";
				CLANG_ENABLE_MODULES = YES;
				CLANG_ENABLE_OBJC_ARC = YES;
				CLANG_ENABLE_OBJC_WEAK = YES;
				CLANG_WARN_BLOCK_CAPTURE_AUTORELEASING = YES;
				CLANG_WARN_BOOL_CONVERSION = YES;
				CLANG_WARN_COMMA = YES;
				CLANG_WARN_CONSTANT_CONVERSION = YES;
				CLANG_WARN_DEPRECATED_OBJC_IMPLEMENTATIONS = YES;
				CLANG_WARN_DIRECT_OBJC_ISA_USAGE = YES_ERROR;
				CLANG_WARN_DOCUMENTATION_COMMENTS = YES;
				CLANG_WARN_EMPTY_BODY = YES;
				CLANG_WARN_ENUM_CONVERSION = YES;
				CLANG_WARN_INFINITE_RECURSION = YES;
				CLANG_WARN_INT_CONVERSION = YES;
				CLANG_WARN_NON_LITERAL_NULL_CONVERSION = YES;
				CLANG_WARN_OBJC_IMPLICIT_RETAIN_SELF = YES;
				CLANG_WARN_OBJC_LITERAL_CONVERSION = YES;
				CLANG_WARN_OBJC_ROOT_CLASS = YES_ERROR;
				CLANG_WARN_QUOTED_INCLUDE_IN_FRAMEWORK_HEADER = YES;
				CLANG_WARN_RANGE_LOOP_ANALYSIS = YES;
				CLANG_WARN_STRICT_PROTOTYPES = YES;
				CLANG_WARN_SUSPICIOUS_MOVE = YES;
				CLANG_WARN_UNGUARDED_AVAILABILITY = YES_AGGRESSIVE;
				CLANG_WARN_UNREACHABLE_CODE = YES;
				CLANG_WARN__DUPLICATE_METHOD_MATCH = YES;
				COPY_PHASE_STRIP = NO;
				DEBUG_INFORMATION_FORMAT = "dwarf-with-dsym";
				ENABLE_NS_ASSERTIONS = NO;
				ENABLE_STRICT_OBJC_MSGSEND = YES;
				GCC_C_LANGUAGE_STANDARD = gnu11;
				GCC_NO_COMMON_BLOCKS = YES;
				GCC_WARN_64_TO_32_BIT_CONVERSION = YES;
				GCC_WARN_ABOUT_RETURN_TYPE = YES_ERROR;
				GCC_WARN_UNDECLARED_SELECTOR = YES;
				GCC_WARN_UNINITIALIZED_AUTOS = YES_AGGRESSIVE;
				GCC_WARN_UNUSED_FUNCTION = YES;
				GCC_WARN_UNUSED_VARIABLE = YES;
				IPHONEOS_DEPLOYMENT_TARGET = 15.0;
				MTL_ENABLE_DEBUG_INFO = NO;
				MTL_FAST_MATH = YES;
				SDKROOT = iphoneos;
				SWIFT_COMPILATION_MODE = wholemodule;
				SWIFT_OPTIMIZATION_LEVEL = "-O";
				VALIDATE_PRODUCT = YES;
			};
			name = Release;
		};
		E3F2866C2743356F005599BF /* Debug */ = {
			isa = XCBuildConfiguration;
			buildSettings = {
				ASSETCATALOG_COMPILER_APPICON_NAME = AppIcon;
				ASSETCATALOG_COMPILER_GLOBAL_ACCENT_COLOR_NAME = AccentColor;
				CODE_SIGN_STYLE = Automatic;
				CURRENT_PROJECT_VERSION = 1;
				DEVELOPMENT_ASSET_PATHS = "\"WioTerminal/Preview Content\"";
				DEVELOPMENT_TEAM = 8L3V3NJFVJ;
				ENABLE_PREVIEWS = YES;
				GENERATE_INFOPLIST_FILE = YES;
				INFOPLIST_FILE = WioTerminal/Info.plist;
				INFOPLIST_KEY_UIApplicationSceneManifest_Generation = YES;
				INFOPLIST_KEY_UIApplicationSupportsIndirectInputEvents = YES;
				INFOPLIST_KEY_UILaunchScreen_Generation = YES;
				INFOPLIST_KEY_UISupportedInterfaceOrientations_iPad = "UIInterfaceOrientationPortrait UIInterfaceOrientationPortraitUpsideDown UIInterfaceOrientationLandscapeLeft UIInterfaceOrientationLandscapeRight";
				INFOPLIST_KEY_UISupportedInterfaceOrientations_iPhone = "UIInterfaceOrientationPortrait UIInterfaceOrientationLandscapeLeft UIInterfaceOrientationLandscapeRight";
				IPHONEOS_DEPLOYMENT_TARGET = 14.0;
				LD_RUNPATH_SEARCH_PATHS = (
					"$(inherited)",
					"@executable_path/Frameworks",
				);
				MARKETING_VERSION = 1.0;
				PRODUCT_BUNDLE_IDENTIFIER = co.sheepofGod.WioTerminal;
				PRODUCT_NAME = "$(TARGET_NAME)";
				SWIFT_EMIT_LOC_STRINGS = YES;
				SWIFT_VERSION = 5.0;
				TARGETED_DEVICE_FAMILY = "1,2";
			};
			name = Debug;
		};
		E3F2866D2743356F005599BF /* Release */ = {
			isa = XCBuildConfiguration;
			buildSettings = {
				ASSETCATALOG_COMPILER_APPICON_NAME = AppIcon;
				ASSETCATALOG_COMPILER_GLOBAL_ACCENT_COLOR_NAME = AccentColor;
				CODE_SIGN_STYLE = Automatic;
				CURRENT_PROJECT_VERSION = 1;
				DEVELOPMENT_ASSET_PATHS = "\"WioTerminal/Preview Content\"";
				DEVELOPMENT_TEAM = 8L3V3NJFVJ;
				ENABLE_PREVIEWS = YES;
				GENERATE_INFOPLIST_FILE = YES;
				INFOPLIST_FILE = WioTerminal/Info.plist;
				INFOPLIST_KEY_UIApplicationSceneManifest_Generation = YES;
				INFOPLIST_KEY_UIApplicationSupportsIndirectInputEvents = YES;
				INFOPLIST_KEY_UILaunchScreen_Generation = YES;
				INFOPLIST_KEY_UISupportedInterfaceOrientations_iPad = "UIInterfaceOrientationPortrait UIInterfaceOrientationPortraitUpsideDown UIInterfaceOrientationLandscapeLeft UIInterfaceOrientationLandscapeRight";
				INFOPLIST_KEY_UISupportedInterfaceOrientations_iPhone = "UIInterfaceOrientationPortrait UIInterfaceOrientationLandscapeLeft UIInterfaceOrientationLandscapeRight";
				IPHONEOS_DEPLOYMENT_TARGET = 14.0;
				LD_RUNPATH_SEARCH_PATHS = (
					"$(inherited)",
					"@executable_path/Frameworks",
				);
				MARKETING_VERSION = 1.0;
				PRODUCT_BUNDLE_IDENTIFIER = co.sheepofGod.WioTerminal;
				PRODUCT_NAME = "$(TARGET_NAME)";
				SWIFT_EMIT_LOC_STRINGS = YES;
				SWIFT_VERSION = 5.0;
				TARGETED_DEVICE_FAMILY = "1,2";
			};
			name = Release;
		};
/* End XCBuildConfiguration section */

/* Begin XCConfigurationList section */
		E3F286582743356D005599BF /* Build configuration list for PBXProject "WioTerminal" */ = {
			isa = XCConfigurationList;
			buildConfigurations = (
				E3F286692743356F005599BF /* Debug */,
				E3F2866A2743356F005599BF /* Release */,
			);
			defaultConfigurationIsVisible = 0;
			defaultConfigurationName = Release;
		};
		E3F2866B2743356F005599BF /* Build configuration list for PBXNativeTarget "WioTerminal" */ = {
			isa = XCConfigurationList;
			buildConfigurations = (
				E3F2866C2743356F005599BF /* Debug */,
				E3F2866D2743356F005599BF /* Release */,
			);
			defaultConfigurationIsVisible = 0;
			defaultConfigurationName = Release;
		};
/* End XCConfigurationList section */

/* Begin XCRemoteSwiftPackageReference section */
		E34818142745226D005D63E3 /* XCRemoteSwiftPackageReference "ChartView" */ = {
			isa = XCRemoteSwiftPackageReference;
			repositoryURL = "https://github.com/AppPear/ChartView";
			requirement = {
				kind = exactVersion;
				version = 1.5.3;
			};
		};
/* End XCRemoteSwiftPackageReference section */

/* Begin XCSwiftPackageProductDependency section */
		E34818152745226D005D63E3 /* SwiftUICharts */ = {
			isa = XCSwiftPackageProductDependency;
			package = E34818142745226D005D63E3 /* XCRemoteSwiftPackageReference "ChartView" */;
			productName = SwiftUICharts;
		};
/* End XCSwiftPackageProductDependency section */
	};
	rootObject = E3F286552743356D005599BF /* Project object */;
}
